# This file is @generated by PDM.
# It is not intended for manual editing.

[metadata]
groups = ["default"]
strategy = ["inherit_metadata"]
lock_version = "4.5.0"
content_hash = "sha256:6e3746c7427353cd94cfd6c1a5a6309fdfd871714e3b1213ded2befc6ef522a0"

[[metadata.targets]]
requires_python = ">=3.10"
